<?xml version="1.0" encoding="utf-8"?>
<Project ToolsVersion="4.0" xmlns="http://schemas.microsoft.com/developer/msbuild/2003">
  <ItemGroup>
    <Filter Include="src">
      <UniqueIdentifier>{7fd9c408-3116-40ae-aa31-81463f90b4ad}</UniqueIdentifier>
    </Filter>
    <Filter Include="test">
      <UniqueIdentifier>{e6a2fc2e-9ca1-48bb-9121-889048712901}</UniqueIdentifier>
    </Filter>
  </ItemGroup>
  <ItemGroup>
    <ClCompile Include="src\main.cpp">
      <Filter>src</Filter>
    </ClCompile>
    <ClCompile Include="src\parser.cpp">
      <Filter>src</Filter>
    </ClCompile>
    <ClCompile Include="src\lexer.cpp">
      <Filter>src</Filter>
    </ClCompile>
    <ClCompile Include="src\interpreter.cpp">
      <Filter>src</Filter>
    </ClCompile>
    <ClCompile Include="test\lexer.cpp">
      <Filter>test</Filter>
    </ClCompile>
    <ClCompile Include="test\parser.cpp">
      <Filter>test</Filter>
    </ClCompile>
    <ClCompile Include="test\interpreter.cpp">
      <Filter>test</Filter>
    </ClCompile>
    <ClCompile Include="src\values.cpp">
      <Filter>src</Filter>
    </ClCompile>
    <ClCompile Include="src\ast.cpp">
      <Filter>src</Filter>
    </ClCompile>
  </ItemGroup>
  <ItemGroup>
    <ClInclude Include="src\visitation.hpp">
      <Filter>src</Filter>
    </ClInclude>
    <ClInclude Include="src\lexer.hpp">
      <Filter>src</Filter>
    </ClInclude>
    <ClInclude Include="src\parser.hpp">
      <Filter>src</Filter>
    </ClInclude>
    <ClInclude Include="src\interpreter.hpp">
      <Filter>src</Filter>
    </ClInclude>
    <ClInclude Include="src\tokens.hpp">
      <Filter>src</Filter>
    </ClInclude>
    <ClInclude Include="src\ast.hpp">
      <Filter>src</Filter>
    </ClInclude>
    <ClInclude Include="src\values.hpp">
      <Filter>src</Filter>
    </ClInclude>
    <ClInclude Include="src\environment.hpp">
      <Filter>src</Filter>
    </ClInclude>
  </ItemGroup>
</Project>